<?xml version="1.0" encoding="utf-8"?>
<Project ToolsVersion="4.0" xmlns="http://schemas.microsoft.com/developer/msbuild/2003">
  <ItemGroup>
    <Filter Include="Source Files">
      <UniqueIdentifier>{4FC737F1-C7A5-4376-A066-2A32D752A2FF}</UniqueIdentifier>
      <Extensions>cpp;c;cc;cxx;def;odl;idl;hpj;bat;asm;asmx</Extensions>
    </Filter>
    <Filter Include="Header Files">
      <UniqueIdentifier>{93995380-89BD-4b04-88EB-625FBE52EBFB}</UniqueIdentifier>
      <Extensions>h;hh;hpp;hxx;hm;inl;inc;ipp;xsd</Extensions>
    </Filter>
    <Filter Include="Resource Files">
      <UniqueIdentifier>{67DA6AB6-F800-4c08-8B7A-83BB121AAD01}</UniqueIdentifier>
      <Extensions>rc;ico;cur;bmp;dlg;rc2;rct;bin;rgs;gif;jpg;jpeg;jpe;resx;tiff;tif;png;wav;mfcribbon-ms</Extensions>
    </Filter>
    <Filter Include="Header Files\framework">
      <UniqueIdentifier>{396c7104-b035-416a-87f3-e8334126af31}</UniqueIdentifier>
    </Filter>
    <Filter Include="Header Files\game">
      <UniqueIdentifier>{70a96388-3f5e-4c69-b5d0-9ffeb9819bcc}</UniqueIdentifier>
    </Filter>
    <Filter Include="Header Files\common">
      <UniqueIdentifier>{01219515-ded3-4402-846e-94623413acf6}</UniqueIdentifier>
    </Filter>
    <Filter Include="Header Files\states">
      <UniqueIdentifier>{c9fef6f6-edc4-407e-a43f-2b1762383d78}</UniqueIdentifier>
    </Filter>
    <Filter Include="Header Files\game\bullets">
      <UniqueIdentifier>{86b2eaff-3e8c-4e83-aed1-0667cc42700f}</UniqueIdentifier>
    </Filter>
    <Filter Include="Header Files\game\bullets\busters">
      <UniqueIdentifier>{60d0279d-50be-4b05-9d3c-54db027ba4cf}</UniqueIdentifier>
    </Filter>
    <Filter Include="Header Files\game\spawners">
      <UniqueIdentifier>{34308986-66b1-4903-9599-c3e293598bd1}</UniqueIdentifier>
    </Filter>
  </ItemGroup>
  <ItemGroup>
    <ClCompile Include="src\input.cc">
      <Filter>Header Files\framework</Filter>
    </ClCompile>
    <ClCompile Include="src\render.cc">
      <Filter>Header Files\framework</Filter>
    </ClCompile>
    <ClCompile Include="src\resources.cc">
      <Filter>Header Files\framework</Filter>
    </ClCompile>
    <ClCompile Include="src\window.cc">
      <Filter>Header Files\framework</Filter>
    </ClCompile>
    <ClCompile Include="src\main.cc">
      <Filter>Header Files\framework</Filter>
    </ClCompile>
    <ClCompile Include="src\game.cc">
      <Filter>Source Files</Filter>
    </ClCompile>
    <ClCompile Include="include\common\settings.cc">
      <Filter>Header Files\common</Filter>
    </ClCompile>
    <ClCompile Include="src\sprite.cc">
      <Filter>Header Files\framework</Filter>
    </ClCompile>
    <ClCompile Include="src\camera.cc">
      <Filter>Header Files\framework</Filter>
    </ClCompile>
    <ClCompile Include="src\debug.cc">
      <Filter>Header Files\framework</Filter>
    </ClCompile>
    <ClCompile Include="src\megaman.cc">
      <Filter>Header Files\game</Filter>
    </ClCompile>
    <ClCompile Include="src\object.cc">
      <Filter>Header Files\game</Filter>
    </ClCompile>
    <ClCompile Include="src\states\megaman_states.cc">
      <Filter>Header Files\states</Filter>
    </ClCompile>
    <ClCompile Include="src\states\boss_states.cc">
      <Filter>Header Files\states</Filter>
    </ClCompile>
    <ClCompile Include="src\states\creep_states.cc">
      <Filter>Header Files\states</Filter>
    </ClCompile>
    <ClCompile Include="src\scenes.cc">
      <Filter>Header Files\framework</Filter>
    </ClCompile>
    <ClCompile Include="src\physics.cc">
      <Filter>Header Files\framework</Filter>
    </ClCompile>
    <ClCompile Include="src\ground.cc">
      <Filter>Header Files\game</Filter>
    </ClCompile>
    <ClCompile Include="src\wall.cc">
      <Filter>Header Files\game</Filter>
    </ClCompile>
    <ClCompile Include="src\bullets\bullet.cc">
      <Filter>Header Files\game\bullets</Filter>
    </ClCompile>
    <ClCompile Include="src\bullets\busters\large_buster.cc">
      <Filter>Header Files\game\bullets\busters</Filter>
    </ClCompile>
    <ClCompile Include="src\bullets\busters\medium_buster.cc">
      <Filter>Header Files\game\bullets\busters</Filter>
    </ClCompile>
    <ClCompile Include="src\bullets\busters\small_buster.cc">
      <Filter>Header Files\game\bullets\busters</Filter>
    </ClCompile>
    <ClCompile Include="src\spawners\buster_spawners.cc">
      <Filter>Header Files\game\spawners</Filter>
    </ClCompile>
    <ClCompile Include="src\spawners\spawner.cc">
      <Filter>Header Files\game\spawners</Filter>
    </ClCompile>
    <ClCompile Include="src\elevator.cc">
      <Filter>Header Files\game</Filter>
    </ClCompile>
    <ClCompile Include="src\blasthornet.cc">
      <Filter>Header Files\game</Filter>
    </ClCompile>
    <ClCompile Include="src\genji.cc">
      <Filter>Header Files\game</Filter>
    </ClCompile>
    <ClCompile Include="src\headgunner.cc">
      <Filter>Header Files\game</Filter>
    </ClCompile>
    <ClCompile Include="src\helit.cc">
      <Filter>Header Files\game</Filter>
    </ClCompile>
    <ClCompile Include="src\notorbanger.cc">
      <Filter>Header Files\game</Filter>
    </ClCompile>
  </ItemGroup>
  <ItemGroup>
    <ClInclude Include="src\input.h">
      <Filter>Header Files\framework</Filter>
    </ClInclude>
    <ClInclude Include="src\render.h">
      <Filter>Header Files\framework</Filter>
    </ClInclude>
    <ClInclude Include="src\resources.h">
      <Filter>Header Files\framework</Filter>
    </ClInclude>
    <ClInclude Include="src\window.h">
      <Filter>Header Files\framework</Filter>
    </ClInclude>
    <ClInclude Include="src\megaman.h">
      <Filter>Header Files\game</Filter>
    </ClInclude>
    <ClInclude Include="src\object.h">
      <Filter>Header Files\game</Filter>
    </ClInclude>
    <ClInclude Include="include\common\math.h">
      <Filter>Header Files\common</Filter>
    </ClInclude>
    <ClInclude Include="include\common\settings.h">
      <Filter>Header Files\common</Filter>
    </ClInclude>
    <ClInclude Include="src\sprite.h">
      <Filter>Header Files\framework</Filter>
    </ClInclude>
    <ClInclude Include="src\camera.h">
      <Filter>Header Files\framework</Filter>
    </ClInclude>
    <ClInclude Include="src\debug.h">
      <Filter>Header Files\framework</Filter>
    </ClInclude>
    <ClInclude Include="src\state.h">
      <Filter>Header Files\framework</Filter>
    </ClInclude>
    <ClInclude Include="src\states\megaman_states.h">
      <Filter>Header Files\states</Filter>
    </ClInclude>
    <ClInclude Include="src\states\creep_states.h">
      <Filter>Header Files\states</Filter>
    </ClInclude>
    <ClInclude Include="src\states\boss_states.h">
      <Filter>Header Files\states</Filter>
    </ClInclude>
    <ClInclude Include="src\scenes.h">
      <Filter>Header Files\framework</Filter>
    </ClInclude>
    <ClInclude Include="src\physics.h">
      <Filter>Header Files\framework</Filter>
    </ClInclude>
    <ClInclude Include="src\ground.h">
      <Filter>Header Files\game</Filter>
    </ClInclude>
    <ClInclude Include="src\wall.h">
      <Filter>Header Files\game</Filter>
    </ClInclude>
    <ClInclude Include="src\bullets\bullet.h">
      <Filter>Header Files\game\bullets</Filter>
    </ClInclude>
    <ClInclude Include="src\bullets\busters\large_buster.h">
      <Filter>Header Files\game\bullets\busters</Filter>
    </ClInclude>
    <ClInclude Include="src\bullets\busters\medium_buster.h">
      <Filter>Header Files\game\bullets\busters</Filter>
    </ClInclude>
    <ClInclude Include="src\bullets\busters\small_buster.h">
      <Filter>Header Files\game\bullets\busters</Filter>
    </ClInclude>
    <ClInclude Include="src\spawners\spawner.h">
      <Filter>Header Files\game\spawners</Filter>
    </ClInclude>
    <ClInclude Include="src\spawners\buster_spawners.h">
      <Filter>Header Files\game\spawners</Filter>
    </ClInclude>
    <ClInclude Include="src\elevator.h">
      <Filter>Header Files\game</Filter>
    </ClInclude>
    <ClInclude Include="src\blasthornet.h">
      <Filter>Header Files\game</Filter>
    </ClInclude>
    <ClInclude Include="src\genji.h">
      <Filter>Header Files\game</Filter>
    </ClInclude>
    <ClInclude Include="src\headgunner.h">
      <Filter>Header Files\game</Filter>
    </ClInclude>
    <ClInclude Include="src\helit.h">
      <Filter>Header Files\game</Filter>
    </ClInclude>
    <ClInclude Include="src\notorbanger.h">
      <Filter>Header Files\game</Filter>
    </ClInclude>
  </ItemGroup>
</Project>